
Microsoft Visual Studio Solution File, Format Version 12.00
# Visual Studio Version 17
VisualStudioVersion = 17.5.002.0
MinimumVisualStudioVersion = 10.0.40219.1
Project("{9A19103F-16F7-4668-BE54-9A1E7A4F7556}") = "projetoSerialize", "projetoSerialize\projetoSerialize.csproj", "{595A2BF2-6AB3-40EA-A93D-AC8CE4B2DC9A}"
EndProject
Global
	GlobalSection(SolutionConfigurationPlatforms) = preSolution
		Debug|Any CPU = Debug|Any CPU
		Release|Any CPU = Release|Any CPU
	EndGlobalSection
	GlobalSection(ProjectConfigurationPlatforms) = postSolution
		{595A2BF2-6AB3-40EA-A93D-AC8CE4B2DC9A}.Debug|Any CPU.ActiveCfg = Debug|Any CPU
		{595A2BF2-6AB3-40EA-A93D-AC8CE4B2DC9A}.Debug|Any CPU.Build.0 = Debug|Any CPU
		{595A2BF2-6AB3-40EA-A93D-AC8CE4B2DC9A}.Release|Any CPU.ActiveCfg = Release|Any CPU
		{595A2BF2-6AB3-40EA-A93D-AC8CE4B2DC9A}.Release|Any CPU.Build.0 = Release|Any CPU
	EndGlobalSection
	GlobalSection(SolutionProperties) = preSolution
		HideSolutionNode = FALSE
	EndGlobalSection
	GlobalSection(ExtensibilityGlobals) = postSolution
		SolutionGuid = {85951551-F79C-4879-B2EE-88A7E05D487C}
	EndGlobalSection
EndGlobal
